// !$*UTF8*$!
{
	archiveVersion = 1;
	classes = {
	};
	objectVersion = 56;
	objects = {

/* Begin PBXBuildFile section */
		C60CC75A93E0701FBEEFC9AD /* Pods_App2.framework in Frameworks */ = {isa = PBXBuildFile; fileRef = 5E8FABA761AB73222B2D8087 /* Pods_App2.framework */; };
		F21FA19D2AD3C5C3002DD417 /* AppDelegate.swift in Sources */ = {isa = PBXBuildFile; fileRef = F21FA19C2AD3C5C3002DD417 /* AppDelegate.swift */; };
		F21FA1A12AD3C5C3002DD417 /* ViewController.swift in Sources */ = {isa = PBXBuildFile; fileRef = F21FA1A02AD3C5C3002DD417 /* ViewController.swift */; };
		F21FA1A42AD3C5C3002DD417 /* Main.storyboard in Resources */ = {isa = PBXBuildFile; fileRef = F21FA1A22AD3C5C3002DD417 /* Main.storyboard */; };
		F21FA1A62AD3C5C4002DD417 /* Assets.xcassets in Resources */ = {isa = PBXBuildFile; fileRef = F21FA1A52AD3C5C4002DD417 /* Assets.xcassets */; };
		F21FA1A92AD3C5C4002DD417 /* LaunchScreen.storyboard in Resources */ = {isa = PBXBuildFile; fileRef = F21FA1A72AD3C5C4002DD417 /* LaunchScreen.storyboard */; };
		F252FB112AD518EF00D5AC86 /* DetailsViewController.swift in Sources */ = {isa = PBXBuildFile; fileRef = F252FB102AD518EF00D5AC86 /* DetailsViewController.swift */; };
		F2B3D94B2AD5783900CFE2FA /* TableViewCell.swift in Sources */ = {isa = PBXBuildFile; fileRef = F2B3D9492AD5783900CFE2FA /* TableViewCell.swift */; };
		F2B3D94C2AD5783900CFE2FA /* TableViewCell.xib in Resources */ = {isa = PBXBuildFile; fileRef = F2B3D94A2AD5783900CFE2FA /* TableViewCell.xib */; };
/* End PBXBuildFile section */

/* Begin PBXFileReference section */
		5E8FABA761AB73222B2D8087 /* Pods_App2.framework */ = {isa = PBXFileReference; explicitFileType = wrapper.framework; includeInIndex = 0; path = Pods_App2.framework; sourceTree = BUILT_PRODUCTS_DIR; };
		9ED8C8200148BFA15C9D93EC /* Pods-App2.debug.xcconfig */ = {isa = PBXFileReference; includeInIndex = 1; lastKnownFileType = text.xcconfig; name = "Pods-App2.debug.xcconfig"; path = "Target Support Files/Pods-App2/Pods-App2.debug.xcconfig"; sourceTree = "<group>"; };
		B224A883B7C5969164F3ABEA /* Pods-App2.release.xcconfig */ = {isa = PBXFileReference; includeInIndex = 1; lastKnownFileType = text.xcconfig; name = "Pods-App2.release.xcconfig"; path = "Target Support Files/Pods-App2/Pods-App2.release.xcconfig"; sourceTree = "<group>"; };
		F21FA1992AD3C5C3002DD417 /* App2.app */ = {isa = PBXFileReference; explicitFileType = wrapper.application; includeInIndex = 0; path = App2.app; sourceTree = BUILT_PRODUCTS_DIR; };
		F21FA19C2AD3C5C3002DD417 /* AppDelegate.swift */ = {isa = PBXFileReference; lastKnownFileType = sourcecode.swift; path = AppDelegate.swift; sourceTree = "<group>"; };
		F21FA1A02AD3C5C3002DD417 /* ViewController.swift */ = {isa = PBXFileReference; lastKnownFileType = sourcecode.swift; path = ViewController.swift; sourceTree = "<group>"; };
		F21FA1A32AD3C5C3002DD417 /* Base */ = {isa = PBXFileReference; lastKnownFileType = file.storyboard; name = Base; path = Base.lproj/Main.storyboard; sourceTree = "<group>"; };
		F21FA1A52AD3C5C4002DD417 /* Assets.xcassets */ = {isa = PBXFileReference; lastKnownFileType = folder.assetcatalog; path = Assets.xcassets; sourceTree = "<group>"; };
		F21FA1A82AD3C5C4002DD417 /* Base */ = {isa = PBXFileReference; lastKnownFileType = file.storyboard; name = Base; path = Base.lproj/LaunchScreen.storyboard; sourceTree = "<group>"; };
		F21FA1AA2AD3C5C4002DD417 /* Info.plist */ = {isa = PBXFileReference; lastKnownFileType = text.plist.xml; path = Info.plist; sourceTree = "<group>"; };
		F252FB102AD518EF00D5AC86 /* DetailsViewController.swift */ = {isa = PBXFileReference; lastKnownFileType = sourcecode.swift; path = DetailsViewController.swift; sourceTree = "<group>"; };
		F2B3D9492AD5783900CFE2FA /* TableViewCell.swift */ = {isa = PBXFileReference; lastKnownFileType = sourcecode.swift; path = TableViewCell.swift; sourceTree = "<group>"; };
		F2B3D94A2AD5783900CFE2FA /* TableViewCell.xib */ = {isa = PBXFileReference; lastKnownFileType = file.xib; path = TableViewCell.xib; sourceTree = "<group>"; };
/* End PBXFileReference section */

/* Begin PBXFrameworksBuildPhase section */
		F21FA1962AD3C5C3002DD417 /* Frameworks */ = {
			isa = PBXFrameworksBuildPhase;
			buildActionMask = 2147483647;
			files = (
				C60CC75A93E0701FBEEFC9AD /* Pods_App2.framework in Frameworks */,
			);
			runOnlyForDeploymentPostprocessing = 0;
		};
/* End PBXFrameworksBuildPhase section */

/* Begin PBXGroup section */
		0B20F996093A93C54622A3A2 /* Pods */ = {
			isa = PBXGroup;
			children = (
				9ED8C8200148BFA15C9D93EC /* Pods-App2.debug.xcconfig */,
				B224A883B7C5969164F3ABEA /* Pods-App2.release.xcconfig */,
			);
			path = Pods;
			sourceTree = "<group>";
		};
		4F98B9BC7CBE3DF0DF8ED4A5 /* Frameworks */ = {
			isa = PBXGroup;
			children = (
				5E8FABA761AB73222B2D8087 /* Pods_App2.framework */,
			);
			name = Frameworks;
			sourceTree = "<group>";
		};
		F21FA1902AD3C5C3002DD417 = {
			isa = PBXGroup;
			children = (
				F21FA19B2AD3C5C3002DD417 /* App2 */,
				F21FA19A2AD3C5C3002DD417 /* Products */,
				0B20F996093A93C54622A3A2 /* Pods */,
				4F98B9BC7CBE3DF0DF8ED4A5 /* Frameworks */,
			);
			sourceTree = "<group>";
		};
		F21FA19A2AD3C5C3002DD417 /* Products */ = {
			isa = PBXGroup;
			children = (
				F21FA1992AD3C5C3002DD417 /* App2.app */,
			);
			name = Products;
			sourceTree = "<group>";
		};
		F21FA19B2AD3C5C3002DD417 /* App2 */ = {
			isa = PBXGroup;
			children = (
				F21FA19C2AD3C5C3002DD417 /* AppDelegate.swift */,
				F21FA1A02AD3C5C3002DD417 /* ViewController.swift */,
				F21FA1A22AD3C5C3002DD417 /* Main.storyboard */,
				F21FA1A52AD3C5C4002DD417 /* Assets.xcassets */,
				F21FA1A72AD3C5C4002DD417 /* LaunchScreen.storyboard */,
				F21FA1AA2AD3C5C4002DD417 /* Info.plist */,
				F252FB102AD518EF00D5AC86 /* DetailsViewController.swift */,
				F2B3D9492AD5783900CFE2FA /* TableViewCell.swift */,
				F2B3D94A2AD5783900CFE2FA /* TableViewCell.xib */,
			);
			path = App2;
			sourceTree = "<group>";
		};
/* End PBXGroup section */

/* Begin PBXNativeTarget section */
		F21FA1982AD3C5C3002DD417 /* App2 */ = {
			isa = PBXNativeTarget;
			buildConfigurationList = F21FA1AD2AD3C5C4002DD417 /* Build configuration list for PBXNativeTarget "App2" */;
			buildPhases = (
				373993B3B187B012743FABCA /* [CP] Check Pods Manifest.lock */,
				F21FA1952AD3C5C3002DD417 /* Sources */,
				F21FA1962AD3C5C3002DD417 /* Frameworks */,
				F21FA1972AD3C5C3002DD417 /* Resources */,
				FEFF07C5D8E2781A621B872B /* [CP] Embed Pods Frameworks */,
			);
			buildRules = (
			);
			dependencies = (
			);
			name = App2;
			productName = App2;
			productReference = F21FA1992AD3C5C3002DD417 /* App2.app */;
			productType = "com.apple.product-type.application";
		};
/* End PBXNativeTarget section */

/* Begin PBXProject section */
		F21FA1912AD3C5C3002DD417 /* Project object */ = {
			isa = PBXProject;
			attributes = {
				BuildIndependentTargetsInParallel = 1;
				LastSwiftUpdateCheck = 1500;
				LastUpgradeCheck = 1500;
				TargetAttributes = {
					F21FA1982AD3C5C3002DD417 = {
						CreatedOnToolsVersion = 15.0;
					};
				};
			};
			buildConfigurationList = F21FA1942AD3C5C3002DD417 /* Build configuration list for PBXProject "App2" */;
			compatibilityVersion = "Xcode 14.0";
			developmentRegion = en;
			hasScannedForEncodings = 0;
			knownRegions = (
				en,
				Base,
			);
			mainGroup = F21FA1902AD3C5C3002DD417;
			productRefGroup = F21FA19A2AD3C5C3002DD417 /* Products */;
			projectDirPath = "";
			projectRoot = "";
			targets = (
				F21FA1982AD3C5C3002DD417 /* App2 */,
			);
		};
/* End PBXProject section */

/* Begin PBXResourcesBuildPhase section */
		F21FA1972AD3C5C3002DD417 /* Resources */ = {
			isa = PBXResourcesBuildPhase;
			buildActionMask = 2147483647;
			files = (
				F21FA1A92AD3C5C4002DD417 /* LaunchScreen.storyboard in Resources */,
				F2B3D94C2AD5783900CFE2FA /* TableViewCell.xib in Resources */,
				F21FA1A62AD3C5C4002DD417 /* Assets.xcassets in Resources */,
				F21FA1A42AD3C5C3002DD417 /* Main.storyboard in Resources */,
			);
			runOnlyForDeploymentPostprocessing = 0;
		};
/* End PBXResourcesBuildPhase section */

/* Begin PBXShellScriptBuildPhase section */
		373993B3B187B012743FABCA /* [CP] Check Pods Manifest.lock */ = {
			isa = PBXShellScriptBuildPhase;
			buildActionMask = 2147483647;
			files = (
			);
			inputFileListPaths = (
			);
			inputPaths = (
				"${PODS_PODFILE_DIR_PATH}/Podfile.lock",
				"${PODS_ROOT}/Manifest.lock",
			);
			name = "[CP] Check Pods Manifest.lock";
			outputFileListPaths = (
			);
			outputPaths = (
				"$(DERIVED_FILE_DIR)/Pods-App2-checkManifestLockResult.txt",
			);
			runOnlyForDeploymentPostprocessing = 0;
			shellPath = /bin/sh;
			shellScript = "diff \"${PODS_PODFILE_DIR_PATH}/Podfile.lock\" \"${PODS_ROOT}/Manifest.lock\" > /dev/null\nif [ $? != 0 ] ; then\n    # print error to STDERR\n    echo \"error: The sandbox is not in sync with the Podfile.lock. Run 'pod install' or update your CocoaPods installation.\" >&2\n    exit 1\nfi\n# This output is used by Xcode 'outputs' to avoid re-running this script phase.\necho \"SUCCESS\" > \"${SCRIPT_OUTPUT_FILE_0}\"\n";
			showEnvVarsInLog = 0;
		};
		FEFF07C5D8E2781A621B872B /* [CP] Embed Pods Frameworks */ = {
			isa = PBXShellScriptBuildPhase;
			buildActionMask = 2147483647;
			files = (
			);
			inputFileListPaths = (
				"${PODS_ROOT}/Target Support Files/Pods-App2/Pods-App2-frameworks-${CONFIGURATION}-input-files.xcfilelist",
			);
			name = "[CP] Embed Pods Frameworks";
			outputFileListPaths = (
				"${PODS_ROOT}/Target Support Files/Pods-App2/Pods-App2-frameworks-${CONFIGURATION}-output-files.xcfilelist",
			);
			runOnlyForDeploymentPostprocessing = 0;
			shellPath = /bin/sh;
			shellScript = "\"${PODS_ROOT}/Target Support Files/Pods-App2/Pods-App2-frameworks.sh\"\n";
			showEnvVarsInLog = 0;
		};
/* End PBXShellScriptBuildPhase section */

/* Begin PBXSourcesBuildPhase section */
		F21FA1952AD3C5C3002DD417 /* Sources */ = {
			isa = PBXSourcesBuildPhase;
			buildActionMask = 2147483647;
			files = (
				F2B3D94B2AD5783900CFE2FA /* TableViewCell.swift in Sources */,
				F21FA1A12AD3C5C3002DD417 /* ViewController.swift in Sources */,
				F21FA19D2AD3C5C3002DD417 /* AppDelegate.swift in Sources */,
				F252FB112AD518EF00D5AC86 /* DetailsViewController.swift in Sources */,
			);
			runOnlyForDeploymentPostprocessing = 0;
		};
/* End PBXSourcesBuildPhase section */

/* Begin PBXVariantGroup section */
		F21FA1A22AD3C5C3002DD417 /* Main.storyboard */ = {
			isa = PBXVariantGroup;
			children = (
				F21FA1A32AD3C5C3002DD417 /* Base */,
			);
			name = Main.storyboard;
			sourceTree = "<group>";
		};
		F21FA1A72AD3C5C4002DD417 /* LaunchScreen.storyboard */ = {
			isa = PBXVariantGroup;
			children = (
				F21FA1A82AD3C5C4002DD417 /* Base */,
			);
			name = LaunchScreen.storyboard;
			sourceTree = "<group>";
		};
/* End PBXVariantGroup section */

/* Begin XCBuildConfiguration section */
		F21FA1AB2AD3C5C4002DD417 /* Debug */ = {
			isa = XCBuildConfiguration;
			buildSettings = {
				ALWAYS_SEARCH_USER_PATHS = NO;
				ASSETCATALOG_COMPILER_GENERATE_SWIFT_ASSET_SYMBOL_EXTENSIONS = YES;
				CLANG_ANALYZER_NONNULL = YES;
				CLANG_ANALYZER_NUMBER_OBJECT_CONVERSION = YES_AGGRESSIVE;
				CLANG_CXX_LANGUAGE_STANDARD = "gnu++20";
				CLANG_ENABLE_MODULES = YES;
				CLANG_ENABLE_OBJC_ARC = YES;
				CLANG_ENABLE_OBJC_WEAK = YES;
				CLANG_WARN_BLOCK_CAPTURE_AUTORELEASING = YES;
				CLANG_WARN_BOOL_CONVERSION = YES;
				CLANG_WARN_COMMA = YES;
				CLANG_WARN_CONSTANT_CONVERSION = YES;
				CLANG_WARN_DEPRECATED_OBJC_IMPLEMENTATIONS = YES;
				CLANG_WARN_DIRECT_OBJC_ISA_USAGE = YES_ERROR;
				CLANG_WARN_DOCUMENTATION_COMMENTS = YES;
				CLANG_WARN_EMPTY_BODY = YES;
				CLANG_WARN_ENUM_CONVERSION = YES;
				CLANG_WARN_INFINITE_RECURSION = YES;
				CLANG_WARN_INT_CONVERSION = YES;
				CLANG_WARN_NON_LITERAL_NULL_CONVERSION = YES;
				CLANG_WARN_OBJC_IMPLICIT_RETAIN_SELF = YES;
				CLANG_WARN_OBJC_LITERAL_CONVERSION = YES;
				CLANG_WARN_OBJC_ROOT_CLASS = YES_ERROR;
				CLANG_WARN_QUOTED_INCLUDE_IN_FRAMEWORK_HEADER = YES;
				CLANG_WARN_RANGE_LOOP_ANALYSIS = YES;
				CLANG_WARN_STRICT_PROTOTYPES = YES;
				CLANG_WARN_SUSPICIOUS_MOVE = YES;
				CLANG_WARN_UNGUARDED_AVAILABILITY = YES_AGGRESSIVE;
				CLANG_WARN_UNREACHABLE_CODE = YES;
				CLANG_WARN__DUPLICATE_METHOD_MATCH = YES;
				COPY_PHASE_STRIP = NO;
				DEBUG_INFORMATION_FORMAT = dwarf;
				ENABLE_STRICT_OBJC_MSGSEND = YES;
				ENABLE_TESTABILITY = YES;
				ENABLE_USER_SCRIPT_SANDBOXING = YES;
				GCC_C_LANGUAGE_STANDARD = gnu17;
				GCC_DYNAMIC_NO_PIC = NO;
				GCC_NO_COMMON_BLOCKS = YES;
				GCC_OPTIMIZATION_LEVEL = 0;
				GCC_PREPROCESSOR_DEFINITIONS = (
					"DEBUG=1",
					"$(inherited)",
				);
				GCC_WARN_64_TO_32_BIT_CONVERSION = YES;
				GCC_WARN_ABOUT_RETURN_TYPE = YES_ERROR;
				GCC_WARN_UNDECLARED_SELECTOR = YES;
				GCC_WARN_UNINITIALIZED_AUTOS = YES_AGGRESSIVE;
				GCC_WARN_UNUSED_FUNCTION = YES;
				GCC_WARN_UNUSED_VARIABLE = YES;
				IPHONEOS_DEPLOYMENT_TARGET = 17.0;
				LOCALIZATION_PREFERS_STRING_CATALOGS = YES;
				MTL_ENABLE_DEBUG_INFO = INCLUDE_SOURCE;
				MTL_FAST_MATH = YES;
				ONLY_ACTIVE_ARCH = YES;
				SDKROOT = iphoneos;
				SWIFT_ACTIVE_COMPILATION_CONDITIONS = "DEBUG $(inherited)";
				SWIFT_OPTIMIZATION_LEVEL = "-Onone";
			};
			name = Debug;
		};
		F21FA1AC2AD3C5C4002DD417 /* Release */ = {
			isa = XCBuildConfiguration;
			buildSettings = {
				ALWAYS_SEARCH_USER_PATHS = NO;
				ASSETCATALOG_COMPILER_GENERATE_SWIFT_ASSET_SYMBOL_EXTENSIONS = YES;
				CLANG_ANALYZER_NONNULL = YES;
				CLANG_ANALYZER_NUMBER_OBJECT_CONVERSION = YES_AGGRESSIVE;
				CLANG_CXX_LANGUAGE_STANDARD = "gnu++20";
				CLANG_ENABLE_MODULES = YES;
				CLANG_ENABLE_OBJC_ARC = YES;
				CLANG_ENABLE_OBJC_WEAK = YES;
				CLANG_WARN_BLOCK_CAPTURE_AUTORELEASING = YES;
				CLANG_WARN_BOOL_CONVERSION = YES;
				CLANG_WARN_COMMA = YES;
				CLANG_WARN_CONSTANT_CONVERSION = YES;
				CLANG_WARN_DEPRECATED_OBJC_IMPLEMENTATIONS = YES;
				CLANG_WARN_DIRECT_OBJC_ISA_USAGE = YES_ERROR;
				CLANG_WARN_DOCUMENTATION_COMMENTS = YES;
				CLANG_WARN_EMPTY_BODY = YES;
				CLANG_WARN_ENUM_CONVERSION = YES;
				CLANG_WARN_INFINITE_RECURSION = YES;
				CLANG_WARN_INT_CONVERSION = YES;
				CLANG_WARN_NON_LITERAL_NULL_CONVERSION = YES;
				CLANG_WARN_OBJC_IMPLICIT_RETAIN_SELF = YES;
				CLANG_WARN_OBJC_LITERAL_CONVERSION = YES;
				CLANG_WARN_OBJC_ROOT_CLASS = YES_ERROR;
				CLANG_WARN_QUOTED_INCLUDE_IN_FRAMEWORK_HEADER = YES;
				CLANG_WARN_RANGE_LOOP_ANALYSIS = YES;
				CLANG_WARN_STRICT_PROTOTYPES = YES;
				CLANG_WARN_SUSPICIOUS_MOVE = YES;
				CLANG_WARN_UNGUARDED_AVAILABILITY = YES_AGGRESSIVE;
				CLANG_WARN_UNREACHABLE_CODE = YES;
				CLANG_WARN__DUPLICATE_METHOD_MATCH = YES;
				COPY_PHASE_STRIP = NO;
				DEBUG_INFORMATION_FORMAT = "dwarf-with-dsym";
				ENABLE_NS_ASSERTIONS = NO;
				ENABLE_STRICT_OBJC_MSGSEND = YES;
				ENABLE_USER_SCRIPT_SANDBOXING = YES;
				GCC_C_LANGUAGE_STANDARD = gnu17;
				GCC_NO_COMMON_BLOCKS = YES;
				GCC_WARN_64_TO_32_BIT_CONVERSION = YES;
				GCC_WARN_ABOUT_RETURN_TYPE = YES_ERROR;
				GCC_WARN_UNDECLARED_SELECTOR = YES;
				GCC_WARN_UNINITIALIZED_AUTOS = YES_AGGRESSIVE;
				GCC_WARN_UNUSED_FUNCTION = YES;
				GCC_WARN_UNUSED_VARIABLE = YES;
				IPHONEOS_DEPLOYMENT_TARGET = 17.0;
				LOCALIZATION_PREFERS_STRING_CATALOGS = YES;
				MTL_ENABLE_DEBUG_INFO = NO;
				MTL_FAST_MATH = YES;
				SDKROOT = iphoneos;
				SWIFT_COMPILATION_MODE = wholemodule;
				VALIDATE_PRODUCT = YES;
			};
			name = Release;
		};
		F21FA1AE2AD3C5C4002DD417 /* Debug */ = {
			isa = XCBuildConfiguration;
			baseConfigurationReference = 9ED8C8200148BFA15C9D93EC /* Pods-App2.debug.xcconfig */;
			buildSettings = {
				ASSETCATALOG_COMPILER_APPICON_NAME = AppIcon;
				ASSETCATALOG_COMPILER_GLOBAL_ACCENT_COLOR_NAME = AccentColor;
				CODE_SIGN_STYLE = Automatic;
				CURRENT_PROJECT_VERSION = 1;
				ENABLE_USER_SCRIPT_SANDBOXING = NO;
				GENERATE_INFOPLIST_FILE = YES;
				INFOPLIST_FILE = App2/Info.plist;
				INFOPLIST_KEY_UIApplicationSupportsIndirectInputEvents = YES;
				INFOPLIST_KEY_UILaunchStoryboardName = LaunchScreen;
				INFOPLIST_KEY_UIMainStoryboardFile = Main;
				INFOPLIST_KEY_UISupportedInterfaceOrientations_iPad = "UIInterfaceOrientationPortrait UIInterfaceOrientationPortraitUpsideDown UIInterfaceOrientationLandscapeLeft UIInterfaceOrientationLandscapeRight";
				INFOPLIST_KEY_UISupportedInterfaceOrientations_iPhone = "UIInterfaceOrientationPortrait UIInterfaceOrientationLandscapeLeft UIInterfaceOrientationLandscapeRight";
				LD_RUNPATH_SEARCH_PATHS = (
					"$(inherited)",
					"@executable_path/Frameworks",
				);
				MARKETING_VERSION = 1.0;
				PRODUCT_BUNDLE_IDENTIFIER = com.app.sps.App2;
				PRODUCT_NAME = "$(TARGET_NAME)";
				SWIFT_EMIT_LOC_STRINGS = YES;
				SWIFT_VERSION = 5.0;
				TARGETED_DEVICE_FAMILY = "1,2";
			};
			name = Debug;
		};
		F21FA1AF2AD3C5C4002DD417 /* Release */ = {
			isa = XCBuildConfiguration;
			baseConfigurationReference = B224A883B7C5969164F3ABEA /* Pods-App2.release.xcconfig */;
			buildSettings = {
				ASSETCATALOG_COMPILER_APPICON_NAME = AppIcon;
				ASSETCATALOG_COMPILER_GLOBAL_ACCENT_COLOR_NAME = AccentColor;
				CODE_SIGN_STYLE = Automatic;
				CURRENT_PROJECT_VERSION = 1;
				ENABLE_USER_SCRIPT_SANDBOXING = NO;
				GENERATE_INFOPLIST_FILE = YES;
				INFOPLIST_FILE = App2/Info.plist;
				INFOPLIST_KEY_UIApplicationSupportsIndirectInputEvents = YES;
				INFOPLIST_KEY_UILaunchStoryboardName = LaunchScreen;
				INFOPLIST_KEY_UIMainStoryboardFile = Main;
				INFOPLIST_KEY_UISupportedInterfaceOrientations_iPad = "UIInterfaceOrientationPortrait UIInterfaceOrientationPortraitUpsideDown UIInterfaceOrientationLandscapeLeft UIInterfaceOrientationLandscapeRight";
				INFOPLIST_KEY_UISupportedInterfaceOrientations_iPhone = "UIInterfaceOrientationPortrait UIInterfaceOrientationLandscapeLeft UIInterfaceOrientationLandscapeRight";
				LD_RUNPATH_SEARCH_PATHS = (
					"$(inherited)",
					"@executable_path/Frameworks",
				);
				MARKETING_VERSION = 1.0;
				PRODUCT_BUNDLE_IDENTIFIER = com.app.sps.App2;
				PRODUCT_NAME = "$(TARGET_NAME)";
				SWIFT_EMIT_LOC_STRINGS = YES;
				SWIFT_VERSION = 5.0;
				TARGETED_DEVICE_FAMILY = "1,2";
			};
			name = Release;
		};
/* End XCBuildConfiguration section */

/* Begin XCConfigurationList section */
		F21FA1942AD3C5C3002DD417 /* Build configuration list for PBXProject "App2" */ = {
			isa = XCConfigurationList;
			buildConfigurations = (
				F21FA1AB2AD3C5C4002DD417 /* Debug */,
				F21FA1AC2AD3C5C4002DD417 /* Release */,
			);
			defaultConfigurationIsVisible = 0;
			defaultConfigurationName = Release;
		};
		F21FA1AD2AD3C5C4002DD417 /* Build configuration list for PBXNativeTarget "App2" */ = {
			isa = XCConfigurationList;
			buildConfigurations = (
				F21FA1AE2AD3C5C4002DD417 /* Debug */,
				F21FA1AF2AD3C5C4002DD417 /* Release */,
			);
			defaultConfigurationIsVisible = 0;
			defaultConfigurationName = Release;
		};
/* End XCConfigurationList section */
	};
	rootObject = F21FA1912AD3C5C3002DD417 /* Project object */;
}
